{
  "name": "chi-merch",
  "version": "1.109.670",
  "lockfileVersion": 3,
  "requires": true,
  "packages": {
    "": {
      "name": "chi-merch",
      "version": "1.109.670",
      "devDependencies": {
        "typescript": "^5.6.3",
        "vite": "^7.1.3"
      }
    },
    "node_modules/@esbuild/aix-ppc64": {
      "version": "0.25.9",
      "resolved": "https://registry.npmjs.org/@esbuild/aix-ppc64/-/aix-ppc64-0.25.9.tgz",
      "integrity": "sha512-OtL67mYJwV5hFqX9v7nGQ3wW2s8V4Jf8Xj3JtQv5t0kY2tZc4H8p5v9v4k9k9mYf8xVf2H3J2V8cQf8V9w==",
      "cpu": ["ppc64"],
      "optional": true,
      "engines": {"node": ">=18"}
    }
  }
}
